
Microsoft Visual Studio Solution File, Format Version 12.00
# Visual Studio 15
VisualStudioVersion = 15.0.28307.421
MinimumVisualStudioVersion = 10.0.40219.1
Project("{9A19103F-16F7-4668-BE54-9A1E7A4F7556}") = "ABM", "ABM\ABM.csproj", "{390A2D1C-F4EA-43AC-9919-EDAF7A7999D7}"
EndProject
Project("{FAE04EC0-301F-11D3-BF4B-00C04F79EFBC}") = "ABM_UnitTest", "ABM_UnitTest\ABM_UnitTest.csproj", "{EEAF2C67-BEBB-486A-A3AF-BA7DE0807055}"
EndProject
Project("{FAE04EC0-301F-11D3-BF4B-00C04F79EFBC}") = "ABM.Demo", "ABM.Demo\ABM.Demo.csproj", "{53E74240-81B5-46D1-9855-50D3C2E55678}"
	ProjectSection(ProjectDependencies) = postProject
		{442759B5-6C01-42CF-94C8-08EC8780B620} = {442759B5-6C01-42CF-94C8-08EC8780B620}
	EndProjectSection
EndProject
Project("{FAE04EC0-301F-11D3-BF4B-00C04F79EFBC}") = "WcfServiceApp", "WcfServiceApp\WcfServiceApp.csproj", "{442759B5-6C01-42CF-94C8-08EC8780B620}"
EndProject
Global
	GlobalSection(SolutionConfigurationPlatforms) = preSolution
		Debug|Any CPU = Debug|Any CPU
		Release|Any CPU = Release|Any CPU
	EndGlobalSection
	GlobalSection(ProjectConfigurationPlatforms) = postSolution
		{390A2D1C-F4EA-43AC-9919-EDAF7A7999D7}.Debug|Any CPU.ActiveCfg = Debug|Any CPU
		{390A2D1C-F4EA-43AC-9919-EDAF7A7999D7}.Debug|Any CPU.Build.0 = Debug|Any CPU
		{390A2D1C-F4EA-43AC-9919-EDAF7A7999D7}.Release|Any CPU.ActiveCfg = Release|Any CPU
		{390A2D1C-F4EA-43AC-9919-EDAF7A7999D7}.Release|Any CPU.Build.0 = Release|Any CPU
		{EEAF2C67-BEBB-486A-A3AF-BA7DE0807055}.Debug|Any CPU.ActiveCfg = Debug|Any CPU
		{EEAF2C67-BEBB-486A-A3AF-BA7DE0807055}.Debug|Any CPU.Build.0 = Debug|Any CPU
		{EEAF2C67-BEBB-486A-A3AF-BA7DE0807055}.Release|Any CPU.ActiveCfg = Release|Any CPU
		{EEAF2C67-BEBB-486A-A3AF-BA7DE0807055}.Release|Any CPU.Build.0 = Release|Any CPU
		{53E74240-81B5-46D1-9855-50D3C2E55678}.Debug|Any CPU.ActiveCfg = Debug|Any CPU
		{53E74240-81B5-46D1-9855-50D3C2E55678}.Debug|Any CPU.Build.0 = Debug|Any CPU
		{53E74240-81B5-46D1-9855-50D3C2E55678}.Release|Any CPU.ActiveCfg = Release|Any CPU
		{53E74240-81B5-46D1-9855-50D3C2E55678}.Release|Any CPU.Build.0 = Release|Any CPU
		{442759B5-6C01-42CF-94C8-08EC8780B620}.Debug|Any CPU.ActiveCfg = Debug|Any CPU
		{442759B5-6C01-42CF-94C8-08EC8780B620}.Debug|Any CPU.Build.0 = Debug|Any CPU
		{442759B5-6C01-42CF-94C8-08EC8780B620}.Release|Any CPU.ActiveCfg = Release|Any CPU
		{442759B5-6C01-42CF-94C8-08EC8780B620}.Release|Any CPU.Build.0 = Release|Any CPU
	EndGlobalSection
	GlobalSection(SolutionProperties) = preSolution
		HideSolutionNode = FALSE
	EndGlobalSection
	GlobalSection(ExtensibilityGlobals) = postSolution
		SolutionGuid = {85B875DD-F675-4E69-BBBE-2720A6DE4400}
	EndGlobalSection
EndGlobal
